
Microsoft Visual Studio Solution File, Format Version 12.00
# Visual Studio Version 16
VisualStudioVersion = 16.0.31205.134
MinimumVisualStudioVersion = 10.0.40219.1
Project("{FAE04EC0-301F-11D3-BF4B-00C04F79EFBC}") = "Git Team Exercise CC", "Git Team Exercise CC\Git Team Exercise CC.csproj", "{B81F897E-294D-4DD0-ADD8-569819BD855C}"
EndProject
Global
	GlobalSection(SolutionConfigurationPlatforms) = preSolution
		Debug|Any CPU = Debug|Any CPU
		Release|Any CPU = Release|Any CPU
	EndGlobalSection
	GlobalSection(ProjectConfigurationPlatforms) = postSolution
		{B81F897E-294D-4DD0-ADD8-569819BD855C}.Debug|Any CPU.ActiveCfg = Debug|Any CPU
		{B81F897E-294D-4DD0-ADD8-569819BD855C}.Debug|Any CPU.Build.0 = Debug|Any CPU
		{B81F897E-294D-4DD0-ADD8-569819BD855C}.Release|Any CPU.ActiveCfg = Release|Any CPU
		{B81F897E-294D-4DD0-ADD8-569819BD855C}.Release|Any CPU.Build.0 = Release|Any CPU
	EndGlobalSection
	GlobalSection(SolutionProperties) = preSolution
		HideSolutionNode = FALSE
	EndGlobalSection
	GlobalSection(ExtensibilityGlobals) = postSolution
		SolutionGuid = {469EB555-224A-4D46-8DFD-63CC1D063CB3}
	EndGlobalSection
EndGlobal
